
Microsoft Visual Studio Solution File, Format Version 12.00
# Visual Studio Version 17
VisualStudioVersion = 17.0.31912.275
MinimumVisualStudioVersion = 10.0.40219.1
Project("{FAE04EC0-301F-11D3-BF4B-00C04F79EFBC}") = "McDonalds", "McDonalds\McDonalds.csproj", "{092883DE-3AA9-4591-9027-CE37A7F19035}"
EndProject
Global
	GlobalSection(SolutionConfigurationPlatforms) = preSolution
		Debug|Any CPU = Debug|Any CPU
		Release|Any CPU = Release|Any CPU
	EndGlobalSection
	GlobalSection(ProjectConfigurationPlatforms) = postSolution
		{092883DE-3AA9-4591-9027-CE37A7F19035}.Debug|Any CPU.ActiveCfg = Debug|Any CPU
		{092883DE-3AA9-4591-9027-CE37A7F19035}.Debug|Any CPU.Build.0 = Debug|Any CPU
		{092883DE-3AA9-4591-9027-CE37A7F19035}.Release|Any CPU.ActiveCfg = Release|Any CPU
		{092883DE-3AA9-4591-9027-CE37A7F19035}.Release|Any CPU.Build.0 = Release|Any CPU
	EndGlobalSection
	GlobalSection(SolutionProperties) = preSolution
		HideSolutionNode = FALSE
	EndGlobalSection
	GlobalSection(ExtensibilityGlobals) = postSolution
		SolutionGuid = {AEAA52E2-D682-4F5B-8EB8-3D6951FCFC00}
	EndGlobalSection
EndGlobal
