
Microsoft Visual Studio Solution File, Format Version 12.00
# Visual Studio Version 17
VisualStudioVersion = 17.0.31912.275
MinimumVisualStudioVersion = 10.0.40219.1
Project("{FAE04EC0-301F-11D3-BF4B-00C04F79EFBC}") = "Tic-Tac-Toe", "Tic-Tac-Toe\Tic-Tac-Toe.csproj", "{155F8733-8FC4-49D7-80E8-6C75A9B674B6}"
EndProject
Global
	GlobalSection(SolutionConfigurationPlatforms) = preSolution
		Debug|Any CPU = Debug|Any CPU
		Release|Any CPU = Release|Any CPU
	EndGlobalSection
	GlobalSection(ProjectConfigurationPlatforms) = postSolution
		{155F8733-8FC4-49D7-80E8-6C75A9B674B6}.Debug|Any CPU.ActiveCfg = Debug|Any CPU
		{155F8733-8FC4-49D7-80E8-6C75A9B674B6}.Debug|Any CPU.Build.0 = Debug|Any CPU
		{155F8733-8FC4-49D7-80E8-6C75A9B674B6}.Release|Any CPU.ActiveCfg = Release|Any CPU
		{155F8733-8FC4-49D7-80E8-6C75A9B674B6}.Release|Any CPU.Build.0 = Release|Any CPU
	EndGlobalSection
	GlobalSection(SolutionProperties) = preSolution
		HideSolutionNode = FALSE
	EndGlobalSection
	GlobalSection(ExtensibilityGlobals) = postSolution
		SolutionGuid = {1C0B5C10-3120-4EE1-8B54-7077E0581302}
	EndGlobalSection
EndGlobal
